// !$*UTF8*$!
{
	archiveVersion = 1;
	classes = {
	};
	objectVersion = 46;
	objects = {

/* Begin PBXBuildFile section */
		4516CCD11DE2BEB3009ECC07 /* SearchResultCell.xib in Resources */ = {isa = PBXBuildFile; fileRef = 4516CCD01DE2BEB3009ECC07 /* SearchResultCell.xib */; };
		4516CCD31DE2C0DC009ECC07 /* SearchResultCell.swift in Sources */ = {isa = PBXBuildFile; fileRef = 4516CCD21DE2C0DC009ECC07 /* SearchResultCell.swift */; };
		4516CCD51DE2C20C009ECC07 /* NothingFoundCell.xib in Resources */ = {isa = PBXBuildFile; fileRef = 4516CCD41DE2C20C009ECC07 /* NothingFoundCell.xib */; };
		4516CCD71DE2D1DD009ECC07 /* LocadingCell.xib in Resources */ = {isa = PBXBuildFile; fileRef = 4516CCD61DE2D1DD009ECC07 /* LocadingCell.xib */; };
		4516CCD91DE2E1DE009ECC07 /* UIImageView+DownloadImage.swift in Sources */ = {isa = PBXBuildFile; fileRef = 4516CCD81DE2E1DE009ECC07 /* UIImageView+DownloadImage.swift */; };
		4516CCDB1DE2E635009ECC07 /* DetailViewController.swift in Sources */ = {isa = PBXBuildFile; fileRef = 4516CCDA1DE2E635009ECC07 /* DetailViewController.swift */; };
		4516CCDD1DE2E7D9009ECC07 /* DimmingPresentationController.swift in Sources */ = {isa = PBXBuildFile; fileRef = 4516CCDC1DE2E7D9009ECC07 /* DimmingPresentationController.swift */; };
		452DC5E91DE29FFC00D9AEF8 /* AppDelegate.swift in Sources */ = {isa = PBXBuildFile; fileRef = 452DC5E81DE29FFC00D9AEF8 /* AppDelegate.swift */; };
		452DC5EB1DE29FFC00D9AEF8 /* SearchViewController.swift in Sources */ = {isa = PBXBuildFile; fileRef = 452DC5EA1DE29FFC00D9AEF8 /* SearchViewController.swift */; };
		452DC5EE1DE29FFC00D9AEF8 /* Main.storyboard in Resources */ = {isa = PBXBuildFile; fileRef = 452DC5EC1DE29FFC00D9AEF8 /* Main.storyboard */; };
		452DC5F01DE29FFC00D9AEF8 /* Assets.xcassets in Resources */ = {isa = PBXBuildFile; fileRef = 452DC5EF1DE29FFC00D9AEF8 /* Assets.xcassets */; };
		452DC6001DE2A4B900D9AEF8 /* SearchResult.swift in Sources */ = {isa = PBXBuildFile; fileRef = 452DC5FF1DE2A4B900D9AEF8 /* SearchResult.swift */; };
/* End PBXBuildFile section */

/* Begin PBXFileReference section */
		4516CCD01DE2BEB3009ECC07 /* SearchResultCell.xib */ = {isa = PBXFileReference; fileEncoding = 4; lastKnownFileType = file.xib; path = SearchResultCell.xib; sourceTree = "<group>"; };
		4516CCD21DE2C0DC009ECC07 /* SearchResultCell.swift */ = {isa = PBXFileReference; fileEncoding = 4; lastKnownFileType = sourcecode.swift; path = SearchResultCell.swift; sourceTree = "<group>"; };
		4516CCD41DE2C20C009ECC07 /* NothingFoundCell.xib */ = {isa = PBXFileReference; fileEncoding = 4; lastKnownFileType = file.xib; path = NothingFoundCell.xib; sourceTree = "<group>"; };
		4516CCD61DE2D1DD009ECC07 /* LocadingCell.xib */ = {isa = PBXFileReference; fileEncoding = 4; lastKnownFileType = file.xib; path = LocadingCell.xib; sourceTree = "<group>"; };
		4516CCD81DE2E1DE009ECC07 /* UIImageView+DownloadImage.swift */ = {isa = PBXFileReference; fileEncoding = 4; lastKnownFileType = sourcecode.swift; path = "UIImageView+DownloadImage.swift"; sourceTree = "<group>"; };
		4516CCDA1DE2E635009ECC07 /* DetailViewController.swift */ = {isa = PBXFileReference; fileEncoding = 4; lastKnownFileType = sourcecode.swift; path = DetailViewController.swift; sourceTree = "<group>"; };
		4516CCDC1DE2E7D9009ECC07 /* DimmingPresentationController.swift */ = {isa = PBXFileReference; fileEncoding = 4; lastKnownFileType = sourcecode.swift; path = DimmingPresentationController.swift; sourceTree = "<group>"; };
		452DC5E51DE29FFC00D9AEF8 /* StoreSearch.app */ = {isa = PBXFileReference; explicitFileType = wrapper.application; includeInIndex = 0; path = StoreSearch.app; sourceTree = BUILT_PRODUCTS_DIR; };
		452DC5E81DE29FFC00D9AEF8 /* AppDelegate.swift */ = {isa = PBXFileReference; lastKnownFileType = sourcecode.swift; path = AppDelegate.swift; sourceTree = "<group>"; };
		452DC5EA1DE29FFC00D9AEF8 /* SearchViewController.swift */ = {isa = PBXFileReference; lastKnownFileType = sourcecode.swift; path = SearchViewController.swift; sourceTree = "<group>"; };
		452DC5ED1DE29FFC00D9AEF8 /* Base */ = {isa = PBXFileReference; lastKnownFileType = file.storyboard; name = Base; path = Base.lproj/Main.storyboard; sourceTree = "<group>"; };
		452DC5EF1DE29FFC00D9AEF8 /* Assets.xcassets */ = {isa = PBXFileReference; lastKnownFileType = folder.assetcatalog; path = Assets.xcassets; sourceTree = "<group>"; };
		452DC5F41DE29FFC00D9AEF8 /* Info.plist */ = {isa = PBXFileReference; lastKnownFileType = text.plist.xml; path = Info.plist; sourceTree = "<group>"; };
		452DC5FF1DE2A4B900D9AEF8 /* SearchResult.swift */ = {isa = PBXFileReference; fileEncoding = 4; lastKnownFileType = sourcecode.swift; path = SearchResult.swift; sourceTree = "<group>"; };
/* End PBXFileReference section */

/* Begin PBXFrameworksBuildPhase section */
		452DC5E21DE29FFC00D9AEF8 /* Frameworks */ = {
			isa = PBXFrameworksBuildPhase;
			buildActionMask = 2147483647;
			files = (
			);
			runOnlyForDeploymentPostprocessing = 0;
		};
/* End PBXFrameworksBuildPhase section */

/* Begin PBXGroup section */
		452DC5DC1DE29FFC00D9AEF8 = {
			isa = PBXGroup;
			children = (
				452DC5E71DE29FFC00D9AEF8 /* StoreSearch */,
				452DC5E61DE29FFC00D9AEF8 /* Products */,
			);
			sourceTree = "<group>";
		};
		452DC5E61DE29FFC00D9AEF8 /* Products */ = {
			isa = PBXGroup;
			children = (
				452DC5E51DE29FFC00D9AEF8 /* StoreSearch.app */,
			);
			name = Products;
			sourceTree = "<group>";
		};
		452DC5E71DE29FFC00D9AEF8 /* StoreSearch */ = {
			isa = PBXGroup;
			children = (
				452DC5FB1DE2A07600D9AEF8 /* Resources */,
				452DC5FA1DE2A06C00D9AEF8 /* Protocol+Extension */,
				452DC5FC1DE2A08E00D9AEF8 /* Model */,
				452DC5FD1DE2A0B200D9AEF8 /* View */,
				452DC5FE1DE2A0B900D9AEF8 /* Controller */,
			);
			path = StoreSearch;
			sourceTree = "<group>";
		};
		452DC5FA1DE2A06C00D9AEF8 /* Protocol+Extension */ = {
			isa = PBXGroup;
			children = (
				4516CCD81DE2E1DE009ECC07 /* UIImageView+DownloadImage.swift */,
			);
			name = "Protocol+Extension";
			sourceTree = "<group>";
		};
		452DC5FB1DE2A07600D9AEF8 /* Resources */ = {
			isa = PBXGroup;
			children = (
				452DC5EF1DE29FFC00D9AEF8 /* Assets.xcassets */,
				452DC5F41DE29FFC00D9AEF8 /* Info.plist */,
			);
			name = Resources;
			sourceTree = "<group>";
		};
		452DC5FC1DE2A08E00D9AEF8 /* Model */ = {
			isa = PBXGroup;
			children = (
				452DC5FF1DE2A4B900D9AEF8 /* SearchResult.swift */,
			);
			name = Model;
			sourceTree = "<group>";
		};
		452DC5FD1DE2A0B200D9AEF8 /* View */ = {
			isa = PBXGroup;
			children = (
				452DC5EC1DE29FFC00D9AEF8 /* Main.storyboard */,
				4516CCD41DE2C20C009ECC07 /* NothingFoundCell.xib */,
				4516CCD61DE2D1DD009ECC07 /* LocadingCell.xib */,
				4516CCD01DE2BEB3009ECC07 /* SearchResultCell.xib */,
				4516CCD21DE2C0DC009ECC07 /* SearchResultCell.swift */,
			);
			name = View;
			sourceTree = "<group>";
		};
		452DC5FE1DE2A0B900D9AEF8 /* Controller */ = {
			isa = PBXGroup;
			children = (
				452DC5E81DE29FFC00D9AEF8 /* AppDelegate.swift */,
				452DC5EA1DE29FFC00D9AEF8 /* SearchViewController.swift */,
				4516CCDA1DE2E635009ECC07 /* DetailViewController.swift */,
				4516CCDC1DE2E7D9009ECC07 /* DimmingPresentationController.swift */,
			);
			name = Controller;
			sourceTree = "<group>";
		};
/* End PBXGroup section */

/* Begin PBXNativeTarget section */
		452DC5E41DE29FFC00D9AEF8 /* StoreSearch */ = {
			isa = PBXNativeTarget;
			buildConfigurationList = 452DC5F71DE29FFC00D9AEF8 /* Build configuration list for PBXNativeTarget "StoreSearch" */;
			buildPhases = (
				452DC5E11DE29FFC00D9AEF8 /* Sources */,
				452DC5E21DE29FFC00D9AEF8 /* Frameworks */,
				452DC5E31DE29FFC00D9AEF8 /* Resources */,
			);
			buildRules = (
			);
			dependencies = (
			);
			name = StoreSearch;
			productName = StoreSearch;
			productReference = 452DC5E51DE29FFC00D9AEF8 /* StoreSearch.app */;
			productType = "com.apple.product-type.application";
		};
/* End PBXNativeTarget section */

/* Begin PBXProject section */
		452DC5DD1DE29FFC00D9AEF8 /* Project object */ = {
			isa = PBXProject;
			attributes = {
				LastSwiftUpdateCheck = 0810;
				LastUpgradeCheck = 0810;
				ORGANIZATIONNAME = "Chris Huang";
				TargetAttributes = {
					452DC5E41DE29FFC00D9AEF8 = {
						CreatedOnToolsVersion = 8.1;
						DevelopmentTeam = X5GHG6Y372;
						ProvisioningStyle = Automatic;
					};
				};
			};
			buildConfigurationList = 452DC5E01DE29FFC00D9AEF8 /* Build configuration list for PBXProject "StoreSearch" */;
			compatibilityVersion = "Xcode 3.2";
			developmentRegion = English;
			hasScannedForEncodings = 0;
			knownRegions = (
				en,
				Base,
			);
			mainGroup = 452DC5DC1DE29FFC00D9AEF8;
			productRefGroup = 452DC5E61DE29FFC00D9AEF8 /* Products */;
			projectDirPath = "";
			projectRoot = "";
			targets = (
				452DC5E41DE29FFC00D9AEF8 /* StoreSearch */,
			);
		};
/* End PBXProject section */

/* Begin PBXResourcesBuildPhase section */
		452DC5E31DE29FFC00D9AEF8 /* Resources */ = {
			isa = PBXResourcesBuildPhase;
			buildActionMask = 2147483647;
			files = (
				452DC5F01DE29FFC00D9AEF8 /* Assets.xcassets in Resources */,
				4516CCD71DE2D1DD009ECC07 /* LocadingCell.xib in Resources */,
				4516CCD11DE2BEB3009ECC07 /* SearchResultCell.xib in Resources */,
				4516CCD51DE2C20C009ECC07 /* NothingFoundCell.xib in Resources */,
				452DC5EE1DE29FFC00D9AEF8 /* Main.storyboard in Resources */,
			);
			runOnlyForDeploymentPostprocessing = 0;
		};
/* End PBXResourcesBuildPhase section */

/* Begin PBXSourcesBuildPhase section */
		452DC5E11DE29FFC00D9AEF8 /* Sources */ = {
			isa = PBXSourcesBuildPhase;
			buildActionMask = 2147483647;
			files = (
				452DC5EB1DE29FFC00D9AEF8 /* SearchViewController.swift in Sources */,
				4516CCDD1DE2E7D9009ECC07 /* DimmingPresentationController.swift in Sources */,
				452DC6001DE2A4B900D9AEF8 /* SearchResult.swift in Sources */,
				4516CCD31DE2C0DC009ECC07 /* SearchResultCell.swift in Sources */,
				4516CCDB1DE2E635009ECC07 /* DetailViewController.swift in Sources */,
				452DC5E91DE29FFC00D9AEF8 /* AppDelegate.swift in Sources */,
				4516CCD91DE2E1DE009ECC07 /* UIImageView+DownloadImage.swift in Sources */,
			);
			runOnlyForDeploymentPostprocessing = 0;
		};
/* End PBXSourcesBuildPhase section */

/* Begin PBXVariantGroup section */
		452DC5EC1DE29FFC00D9AEF8 /* Main.storyboard */ = {
			isa = PBXVariantGroup;
			children = (
				452DC5ED1DE29FFC00D9AEF8 /* Base */,
			);
			name = Main.storyboard;
			sourceTree = "<group>";
		};
/* End PBXVariantGroup section */

/* Begin XCBuildConfiguration section */
		452DC5F51DE29FFC00D9AEF8 /* Debug */ = {
			isa = XCBuildConfiguration;
			buildSettings = {
				ALWAYS_SEARCH_USER_PATHS = NO;
				CLANG_ANALYZER_NONNULL = YES;
				CLANG_CXX_LANGUAGE_STANDARD = "gnu++0x";
				CLANG_CXX_LIBRARY = "libc++";
				CLANG_ENABLE_MODULES = YES;
				CLANG_ENABLE_OBJC_ARC = YES;
				CLANG_WARN_BOOL_CONVERSION = YES;
				CLANG_WARN_CONSTANT_CONVERSION = YES;
				CLANG_WARN_DIRECT_OBJC_ISA_USAGE = YES_ERROR;
				CLANG_WARN_DOCUMENTATION_COMMENTS = YES;
				CLANG_WARN_EMPTY_BODY = YES;
				CLANG_WARN_ENUM_CONVERSION = YES;
				CLANG_WARN_INFINITE_RECURSION = YES;
				CLANG_WARN_INT_CONVERSION = YES;
				CLANG_WARN_OBJC_ROOT_CLASS = YES_ERROR;
				CLANG_WARN_SUSPICIOUS_MOVES = YES;
				CLANG_WARN_UNREACHABLE_CODE = YES;
				CLANG_WARN__DUPLICATE_METHOD_MATCH = YES;
				"CODE_SIGN_IDENTITY[sdk=iphoneos*]" = "iPhone Developer";
				COPY_PHASE_STRIP = NO;
				DEBUG_INFORMATION_FORMAT = dwarf;
				ENABLE_STRICT_OBJC_MSGSEND = YES;
				ENABLE_TESTABILITY = YES;
				GCC_C_LANGUAGE_STANDARD = gnu99;
				GCC_DYNAMIC_NO_PIC = NO;
				GCC_NO_COMMON_BLOCKS = YES;
				GCC_OPTIMIZATION_LEVEL = 0;
				GCC_PREPROCESSOR_DEFINITIONS = (
					"DEBUG=1",
					"$(inherited)",
				);
				GCC_WARN_64_TO_32_BIT_CONVERSION = YES;
				GCC_WARN_ABOUT_RETURN_TYPE = YES_ERROR;
				GCC_WARN_UNDECLARED_SELECTOR = YES;
				GCC_WARN_UNINITIALIZED_AUTOS = YES_AGGRESSIVE;
				GCC_WARN_UNUSED_FUNCTION = YES;
				GCC_WARN_UNUSED_VARIABLE = YES;
				IPHONEOS_DEPLOYMENT_TARGET = 10.1;
				MTL_ENABLE_DEBUG_INFO = YES;
				ONLY_ACTIVE_ARCH = YES;
				SDKROOT = iphoneos;
				SWIFT_ACTIVE_COMPILATION_CONDITIONS = DEBUG;
				SWIFT_OPTIMIZATION_LEVEL = "-Onone";
			};
			name = Debug;
		};
		452DC5F61DE29FFC00D9AEF8 /* Release */ = {
			isa = XCBuildConfiguration;
			buildSettings = {
				ALWAYS_SEARCH_USER_PATHS = NO;
				CLANG_ANALYZER_NONNULL = YES;
				CLANG_CXX_LANGUAGE_STANDARD = "gnu++0x";
				CLANG_CXX_LIBRARY = "libc++";
				CLANG_ENABLE_MODULES = YES;
				CLANG_ENABLE_OBJC_ARC = YES;
				CLANG_WARN_BOOL_CONVERSION = YES;
				CLANG_WARN_CONSTANT_CONVERSION = YES;
				CLANG_WARN_DIRECT_OBJC_ISA_USAGE = YES_ERROR;
				CLANG_WARN_DOCUMENTATION_COMMENTS = YES;
				CLANG_WARN_EMPTY_BODY = YES;
				CLANG_WARN_ENUM_CONVERSION = YES;
				CLANG_WARN_INFINITE_RECURSION = YES;
				CLANG_WARN_INT_CONVERSION = YES;
				CLANG_WARN_OBJC_ROOT_CLASS = YES_ERROR;
				CLANG_WARN_SUSPICIOUS_MOVES = YES;
				CLANG_WARN_UNREACHABLE_CODE = YES;
				CLANG_WARN__DUPLICATE_METHOD_MATCH = YES;
				"CODE_SIGN_IDENTITY[sdk=iphoneos*]" = "iPhone Developer";
				COPY_PHASE_STRIP = NO;
				DEBUG_INFORMATION_FORMAT = "dwarf-with-dsym";
				ENABLE_NS_ASSERTIONS = NO;
				ENABLE_STRICT_OBJC_MSGSEND = YES;
				GCC_C_LANGUAGE_STANDARD = gnu99;
				GCC_NO_COMMON_BLOCKS = YES;
				GCC_WARN_64_TO_32_BIT_CONVERSION = YES;
				GCC_WARN_ABOUT_RETURN_TYPE = YES_ERROR;
				GCC_WARN_UNDECLARED_SELECTOR = YES;
				GCC_WARN_UNINITIALIZED_AUTOS = YES_AGGRESSIVE;
				GCC_WARN_UNUSED_FUNCTION = YES;
				GCC_WARN_UNUSED_VARIABLE = YES;
				IPHONEOS_DEPLOYMENT_TARGET = 10.1;
				MTL_ENABLE_DEBUG_INFO = NO;
				SDKROOT = iphoneos;
				SWIFT_OPTIMIZATION_LEVEL = "-Owholemodule";
				VALIDATE_PRODUCT = YES;
			};
			name = Release;
		};
		452DC5F81DE29FFC00D9AEF8 /* Debug */ = {
			isa = XCBuildConfiguration;
			buildSettings = {
				ASSETCATALOG_COMPILER_APPICON_NAME = AppIcon;
				DEVELOPMENT_TEAM = X5GHG6Y372;
				INFOPLIST_FILE = StoreSearch/Info.plist;
				LD_RUNPATH_SEARCH_PATHS = "$(inherited) @executable_path/Frameworks";
				PRODUCT_BUNDLE_IDENTIFIER = com.DevXris.StoreSearch;
				PRODUCT_NAME = "$(TARGET_NAME)";
				SWIFT_VERSION = 3.0;
			};
			name = Debug;
		};
		452DC5F91DE29FFC00D9AEF8 /* Release */ = {
			isa = XCBuildConfiguration;
			buildSettings = {
				ASSETCATALOG_COMPILER_APPICON_NAME = AppIcon;
				DEVELOPMENT_TEAM = X5GHG6Y372;
				INFOPLIST_FILE = StoreSearch/Info.plist;
				LD_RUNPATH_SEARCH_PATHS = "$(inherited) @executable_path/Frameworks";
				PRODUCT_BUNDLE_IDENTIFIER = com.DevXris.StoreSearch;
				PRODUCT_NAME = "$(TARGET_NAME)";
				SWIFT_VERSION = 3.0;
			};
			name = Release;
		};
/* End XCBuildConfiguration section */

/* Begin XCConfigurationList section */
		452DC5E01DE29FFC00D9AEF8 /* Build configuration list for PBXProject "StoreSearch" */ = {
			isa = XCConfigurationList;
			buildConfigurations = (
				452DC5F51DE29FFC00D9AEF8 /* Debug */,
				452DC5F61DE29FFC00D9AEF8 /* Release */,
			);
			defaultConfigurationIsVisible = 0;
			defaultConfigurationName = Release;
		};
		452DC5F71DE29FFC00D9AEF8 /* Build configuration list for PBXNativeTarget "StoreSearch" */ = {
			isa = XCConfigurationList;
			buildConfigurations = (
				452DC5F81DE29FFC00D9AEF8 /* Debug */,
				452DC5F91DE29FFC00D9AEF8 /* Release */,
			);
			defaultConfigurationIsVisible = 0;
			defaultConfigurationName = Release;
		};
/* End XCConfigurationList section */
	};
	rootObject = 452DC5DD1DE29FFC00D9AEF8 /* Project object */;
}
